// !$*UTF8*$!
{
	archiveVersion = 1;
	classes = {
	};
	objectVersion = 46;
	objects = {

/* Begin PBXBuildFile section */
		23BB14451D0B36E000D20C4A /* main.m in Sources */ = {isa = PBXBuildFile; fileRef = 23BB14441D0B36E000D20C4A /* main.m */; };
		23BB14481D0B36E000D20C4A /* AppDelegate.m in Sources */ = {isa = PBXBuildFile; fileRef = 23BB14471D0B36E000D20C4A /* AppDelegate.m */; };
		23BB144B1D0B36E000D20C4A /* ViewController.m in Sources */ = {isa = PBXBuildFile; fileRef = 23BB144A1D0B36E000D20C4A /* ViewController.m */; };
		23BB144E1D0B36E000D20C4A /* Main.storyboard in Resources */ = {isa = PBXBuildFile; fileRef = 23BB144C1D0B36E000D20C4A /* Main.storyboard */; };
		23BB14501D0B36E000D20C4A /* Assets.xcassets in Resources */ = {isa = PBXBuildFile; fileRef = 23BB144F1D0B36E000D20C4A /* Assets.xcassets */; };
		23BB14531D0B36E000D20C4A /* LaunchScreen.storyboard in Resources */ = {isa = PBXBuildFile; fileRef = 23BB14511D0B36E000D20C4A /* LaunchScreen.storyboard */; };
		23BB145E1D0B36E000D20C4A /* _______html5_Tests.m in Sources */ = {isa = PBXBuildFile; fileRef = 23BB145D1D0B36E000D20C4A /* _______html5_Tests.m */; };
		23BB14691D0B36E100D20C4A /* _______html5_UITests.m in Sources */ = {isa = PBXBuildFile; fileRef = 23BB14681D0B36E100D20C4A /* _______html5_UITests.m */; };
		23BB14871D0B390A00D20C4A /* misc.xml in Resources */ = {isa = PBXBuildFile; fileRef = 23BB147A1D0B390A00D20C4A /* misc.xml */; };
		23BB14881D0B390A00D20C4A /* modules.xml in Resources */ = {isa = PBXBuildFile; fileRef = 23BB147B1D0B390A00D20C4A /* modules.xml */; };
		23BB14891D0B390A00D20C4A /* workspace.xml in Resources */ = {isa = PBXBuildFile; fileRef = 23BB147C1D0B390A00D20C4A /* workspace.xml */; };
		23BB148A1D0B390A00D20C4A /* 登录界面.iml in Resources */ = {isa = PBXBuildFile; fileRef = 23BB147D1D0B390A00D20C4A /* 登录界面.iml */; };
		23BB148B1D0B390A00D20C4A /* index.css in Resources */ = {isa = PBXBuildFile; fileRef = 23BB147F1D0B390A00D20C4A /* index.css */; };
		23BB148C1D0B390A00D20C4A /* icon_password.png in Resources */ = {isa = PBXBuildFile; fileRef = 23BB14811D0B390A00D20C4A /* icon_password.png */; };
		23BB148D1D0B390A00D20C4A /* icon_people.png in Resources */ = {isa = PBXBuildFile; fileRef = 23BB14821D0B390A00D20C4A /* icon_people.png */; };
		23BB148E1D0B390A00D20C4A /* qq.png in Resources */ = {isa = PBXBuildFile; fileRef = 23BB14831D0B390A00D20C4A /* qq.png */; };
		23BB148F1D0B390A00D20C4A /* sina.png in Resources */ = {isa = PBXBuildFile; fileRef = 23BB14841D0B390A00D20C4A /* sina.png */; };
		23BB14901D0B390A00D20C4A /* weixin.png in Resources */ = {isa = PBXBuildFile; fileRef = 23BB14851D0B390A00D20C4A /* weixin.png */; };
		23BB14911D0B390A00D20C4A /* index.html in Resources */ = {isa = PBXBuildFile; fileRef = 23BB14861D0B390A00D20C4A /* index.html */; };
/* End PBXBuildFile section */

/* Begin PBXContainerItemProxy section */
		23BB145A1D0B36E000D20C4A /* PBXContainerItemProxy */ = {
			isa = PBXContainerItemProxy;
			containerPortal = 23BB14381D0B36E000D20C4A /* Project object */;
			proxyType = 1;
			remoteGlobalIDString = 23BB143F1D0B36E000D20C4A;
			remoteInfo = "运行登录界面（html5）";
		};
		23BB14651D0B36E100D20C4A /* PBXContainerItemProxy */ = {
			isa = PBXContainerItemProxy;
			containerPortal = 23BB14381D0B36E000D20C4A /* Project object */;
			proxyType = 1;
			remoteGlobalIDString = 23BB143F1D0B36E000D20C4A;
			remoteInfo = "运行登录界面（html5）";
		};
/* End PBXContainerItemProxy section */

/* Begin PBXFileReference section */
		23BB14401D0B36E000D20C4A /* 运行登录界面（html5）.app */ = {isa = PBXFileReference; explicitFileType = wrapper.application; includeInIndex = 0; path = "运行登录界面（html5）.app"; sourceTree = BUILT_PRODUCTS_DIR; };
		23BB14441D0B36E000D20C4A /* main.m */ = {isa = PBXFileReference; lastKnownFileType = sourcecode.c.objc; path = main.m; sourceTree = "<group>"; };
		23BB14461D0B36E000D20C4A /* AppDelegate.h */ = {isa = PBXFileReference; lastKnownFileType = sourcecode.c.h; path = AppDelegate.h; sourceTree = "<group>"; };
		23BB14471D0B36E000D20C4A /* AppDelegate.m */ = {isa = PBXFileReference; lastKnownFileType = sourcecode.c.objc; path = AppDelegate.m; sourceTree = "<group>"; };
		23BB14491D0B36E000D20C4A /* ViewController.h */ = {isa = PBXFileReference; lastKnownFileType = sourcecode.c.h; path = ViewController.h; sourceTree = "<group>"; };
		23BB144A1D0B36E000D20C4A /* ViewController.m */ = {isa = PBXFileReference; lastKnownFileType = sourcecode.c.objc; path = ViewController.m; sourceTree = "<group>"; };
		23BB144D1D0B36E000D20C4A /* Base */ = {isa = PBXFileReference; lastKnownFileType = file.storyboard; name = Base; path = Base.lproj/Main.storyboard; sourceTree = "<group>"; };
		23BB144F1D0B36E000D20C4A /* Assets.xcassets */ = {isa = PBXFileReference; lastKnownFileType = folder.assetcatalog; path = Assets.xcassets; sourceTree = "<group>"; };
		23BB14521D0B36E000D20C4A /* Base */ = {isa = PBXFileReference; lastKnownFileType = file.storyboard; name = Base; path = Base.lproj/LaunchScreen.storyboard; sourceTree = "<group>"; };
		23BB14541D0B36E000D20C4A /* Info.plist */ = {isa = PBXFileReference; lastKnownFileType = text.plist.xml; path = Info.plist; sourceTree = "<group>"; };
		23BB14591D0B36E000D20C4A /* 运行登录界面（html5）Tests.xctest */ = {isa = PBXFileReference; explicitFileType = wrapper.cfbundle; includeInIndex = 0; path = "运行登录界面（html5）Tests.xctest"; sourceTree = BUILT_PRODUCTS_DIR; };
		23BB145D1D0B36E000D20C4A /* _______html5_Tests.m */ = {isa = PBXFileReference; lastKnownFileType = sourcecode.c.objc; path = "_______html5_Tests.m"; sourceTree = "<group>"; };
		23BB145F1D0B36E000D20C4A /* Info.plist */ = {isa = PBXFileReference; lastKnownFileType = text.plist.xml; path = Info.plist; sourceTree = "<group>"; };
		23BB14641D0B36E100D20C4A /* 运行登录界面（html5）UITests.xctest */ = {isa = PBXFileReference; explicitFileType = wrapper.cfbundle; includeInIndex = 0; path = "运行登录界面（html5）UITests.xctest"; sourceTree = BUILT_PRODUCTS_DIR; };
		23BB14681D0B36E100D20C4A /* _______html5_UITests.m */ = {isa = PBXFileReference; lastKnownFileType = sourcecode.c.objc; path = "_______html5_UITests.m"; sourceTree = "<group>"; };
		23BB146A1D0B36E100D20C4A /* Info.plist */ = {isa = PBXFileReference; lastKnownFileType = text.plist.xml; path = Info.plist; sourceTree = "<group>"; };
		23BB147A1D0B390A00D20C4A /* misc.xml */ = {isa = PBXFileReference; fileEncoding = 4; lastKnownFileType = text.xml; path = misc.xml; sourceTree = "<group>"; };
		23BB147B1D0B390A00D20C4A /* modules.xml */ = {isa = PBXFileReference; fileEncoding = 4; lastKnownFileType = text.xml; path = modules.xml; sourceTree = "<group>"; };
		23BB147C1D0B390A00D20C4A /* workspace.xml */ = {isa = PBXFileReference; fileEncoding = 4; lastKnownFileType = text.xml; path = workspace.xml; sourceTree = "<group>"; };
		23BB147D1D0B390A00D20C4A /* 登录界面.iml */ = {isa = PBXFileReference; fileEncoding = 4; lastKnownFileType = text.xml; path = "登录界面.iml"; sourceTree = "<group>"; };
		23BB147F1D0B390A00D20C4A /* index.css */ = {isa = PBXFileReference; fileEncoding = 4; lastKnownFileType = text.css; path = index.css; sourceTree = "<group>"; };
		23BB14811D0B390A00D20C4A /* icon_password.png */ = {isa = PBXFileReference; lastKnownFileType = image.png; path = icon_password.png; sourceTree = "<group>"; };
		23BB14821D0B390A00D20C4A /* icon_people.png */ = {isa = PBXFileReference; lastKnownFileType = image.png; path = icon_people.png; sourceTree = "<group>"; };
		23BB14831D0B390A00D20C4A /* qq.png */ = {isa = PBXFileReference; lastKnownFileType = image.png; path = qq.png; sourceTree = "<group>"; };
		23BB14841D0B390A00D20C4A /* sina.png */ = {isa = PBXFileReference; lastKnownFileType = image.png; path = sina.png; sourceTree = "<group>"; };
		23BB14851D0B390A00D20C4A /* weixin.png */ = {isa = PBXFileReference; lastKnownFileType = image.png; path = weixin.png; sourceTree = "<group>"; };
		23BB14861D0B390A00D20C4A /* index.html */ = {isa = PBXFileReference; fileEncoding = 4; lastKnownFileType = text.html; path = index.html; sourceTree = "<group>"; };
/* End PBXFileReference section */

/* Begin PBXFrameworksBuildPhase section */
		23BB143D1D0B36E000D20C4A /* Frameworks */ = {
			isa = PBXFrameworksBuildPhase;
			buildActionMask = 2147483647;
			files = (
			);
			runOnlyForDeploymentPostprocessing = 0;
		};
		23BB14561D0B36E000D20C4A /* Frameworks */ = {
			isa = PBXFrameworksBuildPhase;
			buildActionMask = 2147483647;
			files = (
			);
			runOnlyForDeploymentPostprocessing = 0;
		};
		23BB14611D0B36E000D20C4A /* Frameworks */ = {
			isa = PBXFrameworksBuildPhase;
			buildActionMask = 2147483647;
			files = (
			);
			runOnlyForDeploymentPostprocessing = 0;
		};
/* End PBXFrameworksBuildPhase section */

/* Begin PBXGroup section */
		23BB14371D0B36E000D20C4A = {
			isa = PBXGroup;
			children = (
				23BB14421D0B36E000D20C4A /* 运行登录界面（html5） */,
				23BB145C1D0B36E000D20C4A /* 运行登录界面（html5）Tests */,
				23BB14671D0B36E100D20C4A /* 运行登录界面（html5）UITests */,
				23BB14411D0B36E000D20C4A /* Products */,
			);
			sourceTree = "<group>";
		};
		23BB14411D0B36E000D20C4A /* Products */ = {
			isa = PBXGroup;
			children = (
				23BB14401D0B36E000D20C4A /* 运行登录界面（html5）.app */,
				23BB14591D0B36E000D20C4A /* 运行登录界面（html5）Tests.xctest */,
				23BB14641D0B36E100D20C4A /* 运行登录界面（html5）UITests.xctest */,
			);
			name = Products;
			sourceTree = "<group>";
		};
		23BB14421D0B36E000D20C4A /* 运行登录界面（html5） */ = {
			isa = PBXGroup;
			children = (
				23BB14781D0B390A00D20C4A /* 登录界面 */,
				23BB14461D0B36E000D20C4A /* AppDelegate.h */,
				23BB14471D0B36E000D20C4A /* AppDelegate.m */,
				23BB14491D0B36E000D20C4A /* ViewController.h */,
				23BB144A1D0B36E000D20C4A /* ViewController.m */,
				23BB144C1D0B36E000D20C4A /* Main.storyboard */,
				23BB144F1D0B36E000D20C4A /* Assets.xcassets */,
				23BB14511D0B36E000D20C4A /* LaunchScreen.storyboard */,
				23BB14541D0B36E000D20C4A /* Info.plist */,
				23BB14431D0B36E000D20C4A /* Supporting Files */,
			);
			path = "运行登录界面（html5）";
			sourceTree = "<group>";
		};
		23BB14431D0B36E000D20C4A /* Supporting Files */ = {
			isa = PBXGroup;
			children = (
				23BB14441D0B36E000D20C4A /* main.m */,
			);
			name = "Supporting Files";
			sourceTree = "<group>";
		};
		23BB145C1D0B36E000D20C4A /* 运行登录界面（html5）Tests */ = {
			isa = PBXGroup;
			children = (
				23BB145D1D0B36E000D20C4A /* _______html5_Tests.m */,
				23BB145F1D0B36E000D20C4A /* Info.plist */,
			);
			path = "运行登录界面（html5）Tests";
			sourceTree = "<group>";
		};
		23BB14671D0B36E100D20C4A /* 运行登录界面（html5）UITests */ = {
			isa = PBXGroup;
			children = (
				23BB14681D0B36E100D20C4A /* _______html5_UITests.m */,
				23BB146A1D0B36E100D20C4A /* Info.plist */,
			);
			path = "运行登录界面（html5）UITests";
			sourceTree = "<group>";
		};
		23BB14781D0B390A00D20C4A /* 登录界面 */ = {
			isa = PBXGroup;
			children = (
				23BB14791D0B390A00D20C4A /* .idea */,
				23BB147E1D0B390A00D20C4A /* CSS */,
				23BB14801D0B390A00D20C4A /* images */,
				23BB14861D0B390A00D20C4A /* index.html */,
			);
			path = "登录界面";
			sourceTree = "<group>";
		};
		23BB14791D0B390A00D20C4A /* .idea */ = {
			isa = PBXGroup;
			children = (
				23BB147A1D0B390A00D20C4A /* misc.xml */,
				23BB147B1D0B390A00D20C4A /* modules.xml */,
				23BB147C1D0B390A00D20C4A /* workspace.xml */,
				23BB147D1D0B390A00D20C4A /* 登录界面.iml */,
			);
			path = .idea;
			sourceTree = "<group>";
		};
		23BB147E1D0B390A00D20C4A /* CSS */ = {
			isa = PBXGroup;
			children = (
				23BB147F1D0B390A00D20C4A /* index.css */,
			);
			path = CSS;
			sourceTree = "<group>";
		};
		23BB14801D0B390A00D20C4A /* images */ = {
			isa = PBXGroup;
			children = (
				23BB14811D0B390A00D20C4A /* icon_password.png */,
				23BB14821D0B390A00D20C4A /* icon_people.png */,
				23BB14831D0B390A00D20C4A /* qq.png */,
				23BB14841D0B390A00D20C4A /* sina.png */,
				23BB14851D0B390A00D20C4A /* weixin.png */,
			);
			path = images;
			sourceTree = "<group>";
		};
/* End PBXGroup section */

/* Begin PBXNativeTarget section */
		23BB143F1D0B36E000D20C4A /* 运行登录界面（html5） */ = {
			isa = PBXNativeTarget;
			buildConfigurationList = 23BB146D1D0B36E100D20C4A /* Build configuration list for PBXNativeTarget "运行登录界面（html5）" */;
			buildPhases = (
				23BB143C1D0B36E000D20C4A /* Sources */,
				23BB143D1D0B36E000D20C4A /* Frameworks */,
				23BB143E1D0B36E000D20C4A /* Resources */,
			);
			buildRules = (
			);
			dependencies = (
			);
			name = "运行登录界面（html5）";
			productName = "运行登录界面（html5）";
			productReference = 23BB14401D0B36E000D20C4A /* 运行登录界面（html5）.app */;
			productType = "com.apple.product-type.application";
		};
		23BB14581D0B36E000D20C4A /* 运行登录界面（html5）Tests */ = {
			isa = PBXNativeTarget;
			buildConfigurationList = 23BB14701D0B36E100D20C4A /* Build configuration list for PBXNativeTarget "运行登录界面（html5）Tests" */;
			buildPhases = (
				23BB14551D0B36E000D20C4A /* Sources */,
				23BB14561D0B36E000D20C4A /* Frameworks */,
				23BB14571D0B36E000D20C4A /* Resources */,
			);
			buildRules = (
			);
			dependencies = (
				23BB145B1D0B36E000D20C4A /* PBXTargetDependency */,
			);
			name = "运行登录界面（html5）Tests";
			productName = "运行登录界面（html5）Tests";
			productReference = 23BB14591D0B36E000D20C4A /* 运行登录界面（html5）Tests.xctest */;
			productType = "com.apple.product-type.bundle.unit-test";
		};
		23BB14631D0B36E000D20C4A /* 运行登录界面（html5）UITests */ = {
			isa = PBXNativeTarget;
			buildConfigurationList = 23BB14731D0B36E100D20C4A /* Build configuration list for PBXNativeTarget "运行登录界面（html5）UITests" */;
			buildPhases = (
				23BB14601D0B36E000D20C4A /* Sources */,
				23BB14611D0B36E000D20C4A /* Frameworks */,
				23BB14621D0B36E000D20C4A /* Resources */,
			);
			buildRules = (
			);
			dependencies = (
				23BB14661D0B36E100D20C4A /* PBXTargetDependency */,
			);
			name = "运行登录界面（html5）UITests";
			productName = "运行登录界面（html5）UITests";
			productReference = 23BB14641D0B36E100D20C4A /* 运行登录界面（html5）UITests.xctest */;
			productType = "com.apple.product-type.bundle.ui-testing";
		};
/* End PBXNativeTarget section */

/* Begin PBXProject section */
		23BB14381D0B36E000D20C4A /* Project object */ = {
			isa = PBXProject;
			attributes = {
				LastUpgradeCheck = 0730;
				ORGANIZATIONNAME = CrabMan;
				TargetAttributes = {
					23BB143F1D0B36E000D20C4A = {
						CreatedOnToolsVersion = 7.3.1;
						DevelopmentTeam = 2NRHBB3CT7;
					};
					23BB14581D0B36E000D20C4A = {
						CreatedOnToolsVersion = 7.3.1;
						DevelopmentTeam = 2NRHBB3CT7;
						TestTargetID = 23BB143F1D0B36E000D20C4A;
					};
					23BB14631D0B36E000D20C4A = {
						CreatedOnToolsVersion = 7.3.1;
						DevelopmentTeam = 2NRHBB3CT7;
						TestTargetID = 23BB143F1D0B36E000D20C4A;
					};
				};
			};
			buildConfigurationList = 23BB143B1D0B36E000D20C4A /* Build configuration list for PBXProject "运行登录界面（html5）" */;
			compatibilityVersion = "Xcode 3.2";
			developmentRegion = English;
			hasScannedForEncodings = 0;
			knownRegions = (
				en,
				Base,
			);
			mainGroup = 23BB14371D0B36E000D20C4A;
			productRefGroup = 23BB14411D0B36E000D20C4A /* Products */;
			projectDirPath = "";
			projectRoot = "";
			targets = (
				23BB143F1D0B36E000D20C4A /* 运行登录界面（html5） */,
				23BB14581D0B36E000D20C4A /* 运行登录界面（html5）Tests */,
				23BB14631D0B36E000D20C4A /* 运行登录界面（html5）UITests */,
			);
		};
/* End PBXProject section */

/* Begin PBXResourcesBuildPhase section */
		23BB143E1D0B36E000D20C4A /* Resources */ = {
			isa = PBXResourcesBuildPhase;
			buildActionMask = 2147483647;
			files = (
				23BB14911D0B390A00D20C4A /* index.html in Resources */,
				23BB14891D0B390A00D20C4A /* workspace.xml in Resources */,
				23BB148F1D0B390A00D20C4A /* sina.png in Resources */,
				23BB148C1D0B390A00D20C4A /* icon_password.png in Resources */,
				23BB14531D0B36E000D20C4A /* LaunchScreen.storyboard in Resources */,
				23BB14871D0B390A00D20C4A /* misc.xml in Resources */,
				23BB14501D0B36E000D20C4A /* Assets.xcassets in Resources */,
				23BB14901D0B390A00D20C4A /* weixin.png in Resources */,
				23BB144E1D0B36E000D20C4A /* Main.storyboard in Resources */,
				23BB148E1D0B390A00D20C4A /* qq.png in Resources */,
				23BB148A1D0B390A00D20C4A /* 登录界面.iml in Resources */,
				23BB148D1D0B390A00D20C4A /* icon_people.png in Resources */,
				23BB14881D0B390A00D20C4A /* modules.xml in Resources */,
				23BB148B1D0B390A00D20C4A /* index.css in Resources */,
			);
			runOnlyForDeploymentPostprocessing = 0;
		};
		23BB14571D0B36E000D20C4A /* Resources */ = {
			isa = PBXResourcesBuildPhase;
			buildActionMask = 2147483647;
			files = (
			);
			runOnlyForDeploymentPostprocessing = 0;
		};
		23BB14621D0B36E000D20C4A /* Resources */ = {
			isa = PBXResourcesBuildPhase;
			buildActionMask = 2147483647;
			files = (
			);
			runOnlyForDeploymentPostprocessing = 0;
		};
/* End PBXResourcesBuildPhase section */

/* Begin PBXSourcesBuildPhase section */
		23BB143C1D0B36E000D20C4A /* Sources */ = {
			isa = PBXSourcesBuildPhase;
			buildActionMask = 2147483647;
			files = (
				23BB144B1D0B36E000D20C4A /* ViewController.m in Sources */,
				23BB14481D0B36E000D20C4A /* AppDelegate.m in Sources */,
				23BB14451D0B36E000D20C4A /* main.m in Sources */,
			);
			runOnlyForDeploymentPostprocessing = 0;
		};
		23BB14551D0B36E000D20C4A /* Sources */ = {
			isa = PBXSourcesBuildPhase;
			buildActionMask = 2147483647;
			files = (
				23BB145E1D0B36E000D20C4A /* _______html5_Tests.m in Sources */,
			);
			runOnlyForDeploymentPostprocessing = 0;
		};
		23BB14601D0B36E000D20C4A /* Sources */ = {
			isa = PBXSourcesBuildPhase;
			buildActionMask = 2147483647;
			files = (
				23BB14691D0B36E100D20C4A /* _______html5_UITests.m in Sources */,
			);
			runOnlyForDeploymentPostprocessing = 0;
		};
/* End PBXSourcesBuildPhase section */

/* Begin PBXTargetDependency section */
		23BB145B1D0B36E000D20C4A /* PBXTargetDependency */ = {
			isa = PBXTargetDependency;
			target = 23BB143F1D0B36E000D20C4A /* 运行登录界面（html5） */;
			targetProxy = 23BB145A1D0B36E000D20C4A /* PBXContainerItemProxy */;
		};
		23BB14661D0B36E100D20C4A /* PBXTargetDependency */ = {
			isa = PBXTargetDependency;
			target = 23BB143F1D0B36E000D20C4A /* 运行登录界面（html5） */;
			targetProxy = 23BB14651D0B36E100D20C4A /* PBXContainerItemProxy */;
		};
/* End PBXTargetDependency section */

/* Begin PBXVariantGroup section */
		23BB144C1D0B36E000D20C4A /* Main.storyboard */ = {
			isa = PBXVariantGroup;
			children = (
				23BB144D1D0B36E000D20C4A /* Base */,
			);
			name = Main.storyboard;
			sourceTree = "<group>";
		};
		23BB14511D0B36E000D20C4A /* LaunchScreen.storyboard */ = {
			isa = PBXVariantGroup;
			children = (
				23BB14521D0B36E000D20C4A /* Base */,
			);
			name = LaunchScreen.storyboard;
			sourceTree = "<group>";
		};
/* End PBXVariantGroup section */

/* Begin XCBuildConfiguration section */
		23BB146B1D0B36E100D20C4A /* Debug */ = {
			isa = XCBuildConfiguration;
			buildSettings = {
				ALWAYS_SEARCH_USER_PATHS = NO;
				CLANG_ANALYZER_NONNULL = YES;
				CLANG_CXX_LANGUAGE_STANDARD = "gnu++0x";
				CLANG_CXX_LIBRARY = "libc++";
				CLANG_ENABLE_MODULES = YES;
				CLANG_ENABLE_OBJC_ARC = YES;
				CLANG_WARN_BOOL_CONVERSION = YES;
				CLANG_WARN_CONSTANT_CONVERSION = YES;
				CLANG_WARN_DIRECT_OBJC_ISA_USAGE = YES_ERROR;
				CLANG_WARN_EMPTY_BODY = YES;
				CLANG_WARN_ENUM_CONVERSION = YES;
				CLANG_WARN_INT_CONVERSION = YES;
				CLANG_WARN_OBJC_ROOT_CLASS = YES_ERROR;
				CLANG_WARN_UNREACHABLE_CODE = YES;
				CLANG_WARN__DUPLICATE_METHOD_MATCH = YES;
				"CODE_SIGN_IDENTITY[sdk=iphoneos*]" = "iPhone Developer";
				COPY_PHASE_STRIP = NO;
				DEBUG_INFORMATION_FORMAT = dwarf;
				ENABLE_STRICT_OBJC_MSGSEND = YES;
				ENABLE_TESTABILITY = YES;
				GCC_C_LANGUAGE_STANDARD = gnu99;
				GCC_DYNAMIC_NO_PIC = NO;
				GCC_NO_COMMON_BLOCKS = YES;
				GCC_OPTIMIZATION_LEVEL = 0;
				GCC_PREPROCESSOR_DEFINITIONS = (
					"DEBUG=1",
					"$(inherited)",
				);
				GCC_WARN_64_TO_32_BIT_CONVERSION = YES;
				GCC_WARN_ABOUT_RETURN_TYPE = YES_ERROR;
				GCC_WARN_UNDECLARED_SELECTOR = YES;
				GCC_WARN_UNINITIALIZED_AUTOS = YES_AGGRESSIVE;
				GCC_WARN_UNUSED_FUNCTION = YES;
				GCC_WARN_UNUSED_VARIABLE = YES;
				IPHONEOS_DEPLOYMENT_TARGET = 9.3;
				MTL_ENABLE_DEBUG_INFO = YES;
				ONLY_ACTIVE_ARCH = YES;
				SDKROOT = iphoneos;
				TARGETED_DEVICE_FAMILY = "1,2";
			};
			name = Debug;
		};
		23BB146C1D0B36E100D20C4A /* Release */ = {
			isa = XCBuildConfiguration;
			buildSettings = {
				ALWAYS_SEARCH_USER_PATHS = NO;
				CLANG_ANALYZER_NONNULL = YES;
				CLANG_CXX_LANGUAGE_STANDARD = "gnu++0x";
				CLANG_CXX_LIBRARY = "libc++";
				CLANG_ENABLE_MODULES = YES;
				CLANG_ENABLE_OBJC_ARC = YES;
				CLANG_WARN_BOOL_CONVERSION = YES;
				CLANG_WARN_CONSTANT_CONVERSION = YES;
				CLANG_WARN_DIRECT_OBJC_ISA_USAGE = YES_ERROR;
				CLANG_WARN_EMPTY_BODY = YES;
				CLANG_WARN_ENUM_CONVERSION = YES;
				CLANG_WARN_INT_CONVERSION = YES;
				CLANG_WARN_OBJC_ROOT_CLASS = YES_ERROR;
				CLANG_WARN_UNREACHABLE_CODE = YES;
				CLANG_WARN__DUPLICATE_METHOD_MATCH = YES;
				"CODE_SIGN_IDENTITY[sdk=iphoneos*]" = "iPhone Developer";
				COPY_PHASE_STRIP = NO;
				DEBUG_INFORMATION_FORMAT = "dwarf-with-dsym";
				ENABLE_NS_ASSERTIONS = NO;
				ENABLE_STRICT_OBJC_MSGSEND = YES;
				GCC_C_LANGUAGE_STANDARD = gnu99;
				GCC_NO_COMMON_BLOCKS = YES;
				GCC_WARN_64_TO_32_BIT_CONVERSION = YES;
				GCC_WARN_ABOUT_RETURN_TYPE = YES_ERROR;
				GCC_WARN_UNDECLARED_SELECTOR = YES;
				GCC_WARN_UNINITIALIZED_AUTOS = YES_AGGRESSIVE;
				GCC_WARN_UNUSED_FUNCTION = YES;
				GCC_WARN_UNUSED_VARIABLE = YES;
				IPHONEOS_DEPLOYMENT_TARGET = 9.3;
				MTL_ENABLE_DEBUG_INFO = NO;
				SDKROOT = iphoneos;
				TARGETED_DEVICE_FAMILY = "1,2";
				VALIDATE_PRODUCT = YES;
			};
			name = Release;
		};
		23BB146E1D0B36E100D20C4A /* Debug */ = {
			isa = XCBuildConfiguration;
			buildSettings = {
				ASSETCATALOG_COMPILER_APPICON_NAME = AppIcon;
				INFOPLIST_FILE = "运行登录界面（html5）/Info.plist";
				LD_RUNPATH_SEARCH_PATHS = "$(inherited) @executable_path/Frameworks";
				PRODUCT_BUNDLE_IDENTIFIER = "CrabMan.-------html5-";
				PRODUCT_NAME = "$(TARGET_NAME)";
			};
			name = Debug;
		};
		23BB146F1D0B36E100D20C4A /* Release */ = {
			isa = XCBuildConfiguration;
			buildSettings = {
				ASSETCATALOG_COMPILER_APPICON_NAME = AppIcon;
				INFOPLIST_FILE = "运行登录界面（html5）/Info.plist";
				LD_RUNPATH_SEARCH_PATHS = "$(inherited) @executable_path/Frameworks";
				PRODUCT_BUNDLE_IDENTIFIER = "CrabMan.-------html5-";
				PRODUCT_NAME = "$(TARGET_NAME)";
			};
			name = Release;
		};
		23BB14711D0B36E100D20C4A /* Debug */ = {
			isa = XCBuildConfiguration;
			buildSettings = {
				BUNDLE_LOADER = "$(TEST_HOST)";
				INFOPLIST_FILE = "运行登录界面（html5）Tests/Info.plist";
				LD_RUNPATH_SEARCH_PATHS = "$(inherited) @executable_path/Frameworks @loader_path/Frameworks";
				PRODUCT_BUNDLE_IDENTIFIER = "CrabMan.-------html5-Tests";
				PRODUCT_NAME = "$(TARGET_NAME)";
				TEST_HOST = "$(BUILT_PRODUCTS_DIR)/运行登录界面（html5）.app/运行登录界面（html5）";
			};
			name = Debug;
		};
		23BB14721D0B36E100D20C4A /* Release */ = {
			isa = XCBuildConfiguration;
			buildSettings = {
				BUNDLE_LOADER = "$(TEST_HOST)";
				INFOPLIST_FILE = "运行登录界面（html5）Tests/Info.plist";
				LD_RUNPATH_SEARCH_PATHS = "$(inherited) @executable_path/Frameworks @loader_path/Frameworks";
				PRODUCT_BUNDLE_IDENTIFIER = "CrabMan.-------html5-Tests";
				PRODUCT_NAME = "$(TARGET_NAME)";
				TEST_HOST = "$(BUILT_PRODUCTS_DIR)/运行登录界面（html5）.app/运行登录界面（html5）";
			};
			name = Release;
		};
		23BB14741D0B36E100D20C4A /* Debug */ = {
			isa = XCBuildConfiguration;
			buildSettings = {
				INFOPLIST_FILE = "运行登录界面（html5）UITests/Info.plist";
				LD_RUNPATH_SEARCH_PATHS = "$(inherited) @executable_path/Frameworks @loader_path/Frameworks";
				PRODUCT_BUNDLE_IDENTIFIER = "CrabMan.-------html5-UITests";
				PRODUCT_NAME = "$(TARGET_NAME)";
				TEST_TARGET_NAME = "运行登录界面（html5）";
			};
			name = Debug;
		};
		23BB14751D0B36E100D20C4A /* Release */ = {
			isa = XCBuildConfiguration;
			buildSettings = {
				INFOPLIST_FILE = "运行登录界面（html5）UITests/Info.plist";
				LD_RUNPATH_SEARCH_PATHS = "$(inherited) @executable_path/Frameworks @loader_path/Frameworks";
				PRODUCT_BUNDLE_IDENTIFIER = "CrabMan.-------html5-UITests";
				PRODUCT_NAME = "$(TARGET_NAME)";
				TEST_TARGET_NAME = "运行登录界面（html5）";
			};
			name = Release;
		};
/* End XCBuildConfiguration section */

/* Begin XCConfigurationList section */
		23BB143B1D0B36E000D20C4A /* Build configuration list for PBXProject "运行登录界面（html5）" */ = {
			isa = XCConfigurationList;
			buildConfigurations = (
				23BB146B1D0B36E100D20C4A /* Debug */,
				23BB146C1D0B36E100D20C4A /* Release */,
			);
			defaultConfigurationIsVisible = 0;
			defaultConfigurationName = Release;
		};
		23BB146D1D0B36E100D20C4A /* Build configuration list for PBXNativeTarget "运行登录界面（html5）" */ = {
			isa = XCConfigurationList;
			buildConfigurations = (
				23BB146E1D0B36E100D20C4A /* Debug */,
				23BB146F1D0B36E100D20C4A /* Release */,
			);
			defaultConfigurationIsVisible = 0;
		};
		23BB14701D0B36E100D20C4A /* Build configuration list for PBXNativeTarget "运行登录界面（html5）Tests" */ = {
			isa = XCConfigurationList;
			buildConfigurations = (
				23BB14711D0B36E100D20C4A /* Debug */,
				23BB14721D0B36E100D20C4A /* Release */,
			);
			defaultConfigurationIsVisible = 0;
		};
		23BB14731D0B36E100D20C4A /* Build configuration list for PBXNativeTarget "运行登录界面（html5）UITests" */ = {
			isa = XCConfigurationList;
			buildConfigurations = (
				23BB14741D0B36E100D20C4A /* Debug */,
				23BB14751D0B36E100D20C4A /* Release */,
			);
			defaultConfigurationIsVisible = 0;
		};
/* End XCConfigurationList section */
	};
	rootObject = 23BB14381D0B36E000D20C4A /* Project object */;
}
